
Microsoft Visual Studio Solution File, Format Version 12.00
# Visual Studio Version 17
VisualStudioVersion = 17.5.33530.505
MinimumVisualStudioVersion = 10.0.40219.1
Project("{FAE04EC0-301F-11D3-BF4B-00C04F79EFBC}") = "BankAppDP", "BankAppDP.csproj", "{7D08924D-1FBE-4817-82EF-9CF1D1B8AE83}"
EndProject
Global
	GlobalSection(SolutionConfigurationPlatforms) = preSolution
		Debug|Any CPU = Debug|Any CPU
		Release|Any CPU = Release|Any CPU
	EndGlobalSection
	GlobalSection(ProjectConfigurationPlatforms) = postSolution
		{7D08924D-1FBE-4817-82EF-9CF1D1B8AE83}.Debug|Any CPU.ActiveCfg = Debug|Any CPU
		{7D08924D-1FBE-4817-82EF-9CF1D1B8AE83}.Debug|Any CPU.Build.0 = Debug|Any CPU
		{7D08924D-1FBE-4817-82EF-9CF1D1B8AE83}.Release|Any CPU.ActiveCfg = Release|Any CPU
		{7D08924D-1FBE-4817-82EF-9CF1D1B8AE83}.Release|Any CPU.Build.0 = Release|Any CPU
	EndGlobalSection
	GlobalSection(SolutionProperties) = preSolution
		HideSolutionNode = FALSE
	EndGlobalSection
	GlobalSection(ExtensibilityGlobals) = postSolution
		SolutionGuid = {51D9F487-C225-4C94-9CEF-5F9F5E7A9265}
	EndGlobalSection
EndGlobal
